{
  "name": "mobile-diff",
  "version": "1.0.0",
  "lockfileVersion": 3,
  "requires": true,
  "packages": {
    "": {
      "name": "mobile-diff",
      "version": "1.0.0",
      "license": "ISC",
      "dependencies": {
        "gitdiff-parser": "^0.3.1"
      }
    },
    "node_modules/gitdiff-parser": {
      "version": "0.3.1",
      "resolved": "https://registry.npmjs.org/gitdiff-parser/-/gitdiff-parser-0.3.1.tgz",
      "integrity": "sha512-YQJnY8aew65id8okGxKCksH3efDCJ9HzV7M9rsvd65habf39Pkh4cgYJ27AaoDMqo1X98pgNJhNMrm/kpV7UVQ==",
      "license": "MIT"
    }
  }
}
